
Microsoft Visual Studio Solution File, Format Version 12.00
# Visual Studio Version 16
VisualStudioVersion = 16.0.30804.86
MinimumVisualStudioVersion = 10.0.40219.1
Project("{8BC9CEB8-8B4A-11D0-8D11-00A0C91BC942}") = "flashlight", "flashlight\flashlight.vcxproj", "{0444B1D9-06E5-4F5E-AE50-A26FC811130D}"
EndProject
Global
	GlobalSection(SolutionConfigurationPlatforms) = preSolution
		Debug|x64 = Debug|x64
		Release|x64 = Release|x64
	EndGlobalSection
	GlobalSection(ProjectConfigurationPlatforms) = postSolution
		{0444B1D9-06E5-4F5E-AE50-A26FC811130D}.Debug|x64.ActiveCfg = Debug|x64
		{0444B1D9-06E5-4F5E-AE50-A26FC811130D}.Debug|x64.Build.0 = Debug|x64
		{0444B1D9-06E5-4F5E-AE50-A26FC811130D}.Release|x64.ActiveCfg = Release|x64
		{0444B1D9-06E5-4F5E-AE50-A26FC811130D}.Release|x64.Build.0 = Release|x64
	EndGlobalSection
	GlobalSection(SolutionProperties) = preSolution
		HideSolutionNode = FALSE
	EndGlobalSection
	GlobalSection(ExtensibilityGlobals) = postSolution
		SolutionGuid = {FC6238BE-C3BC-46D7-BEAE-403BA7B96722}
	EndGlobalSection
EndGlobal
